
Microsoft Visual Studio Solution File, Format Version 12.00
# Visual Studio Version 16
VisualStudioVersion = 16.0.29609.76
MinimumVisualStudioVersion = 10.0.40219.1
Project("{FAE04EC0-301F-11D3-BF4B-00C04F79EFBC}") = "CSharpApiSkill", "CSharpApiSkill.csproj", "{2BAD8C9A-D5FE-4D35-9E50-5BE305258BEC}"
EndProject
Global
	GlobalSection(SolutionConfigurationPlatforms) = preSolution
		Debug|Any CPU = Debug|Any CPU
		Release|Any CPU = Release|Any CPU
	EndGlobalSection
	GlobalSection(ProjectConfigurationPlatforms) = postSolution
		{2BAD8C9A-D5FE-4D35-9E50-5BE305258BEC}.Debug|Any CPU.ActiveCfg = Debug|Any CPU
		{2BAD8C9A-D5FE-4D35-9E50-5BE305258BEC}.Debug|Any CPU.Build.0 = Debug|Any CPU
		{2BAD8C9A-D5FE-4D35-9E50-5BE305258BEC}.Release|Any CPU.ActiveCfg = Release|Any CPU
		{2BAD8C9A-D5FE-4D35-9E50-5BE305258BEC}.Release|Any CPU.Build.0 = Release|Any CPU
	EndGlobalSection
	GlobalSection(SolutionProperties) = preSolution
		HideSolutionNode = FALSE
	EndGlobalSection
	GlobalSection(ExtensibilityGlobals) = postSolution
		SolutionGuid = {19202504-7063-4DB3-A745-4B25449B520B}
	EndGlobalSection
EndGlobal
