
Microsoft Visual Studio Solution File, Format Version 12.00
# Visual Studio Version 16
VisualStudioVersion = 16.0.29609.76
MinimumVisualStudioVersion = 10.0.40219.1
Project("{FAE04EC0-301F-11D3-BF4B-00C04F79EFBC}") = "SchoolLibrary", "SchoolLibrary.csproj", "{9E393BB8-AB7D-46D1-B507-A03250B96AFF}"
EndProject
Project("{FAE04EC0-301F-11D3-BF4B-00C04F79EFBC}") = "SchoolFromsApp", "..\SchoolFromsApp\SchoolFromsApp.csproj", "{47F54372-BF4A-450C-8883-09ADD375C04A}"
EndProject
Global
	GlobalSection(SolutionConfigurationPlatforms) = preSolution
		Debug|Any CPU = Debug|Any CPU
		Release|Any CPU = Release|Any CPU
	EndGlobalSection
	GlobalSection(ProjectConfigurationPlatforms) = postSolution
		{9E393BB8-AB7D-46D1-B507-A03250B96AFF}.Debug|Any CPU.ActiveCfg = Debug|Any CPU
		{9E393BB8-AB7D-46D1-B507-A03250B96AFF}.Debug|Any CPU.Build.0 = Debug|Any CPU
		{9E393BB8-AB7D-46D1-B507-A03250B96AFF}.Release|Any CPU.ActiveCfg = Release|Any CPU
		{9E393BB8-AB7D-46D1-B507-A03250B96AFF}.Release|Any CPU.Build.0 = Release|Any CPU
		{47F54372-BF4A-450C-8883-09ADD375C04A}.Debug|Any CPU.ActiveCfg = Debug|Any CPU
		{47F54372-BF4A-450C-8883-09ADD375C04A}.Debug|Any CPU.Build.0 = Debug|Any CPU
		{47F54372-BF4A-450C-8883-09ADD375C04A}.Release|Any CPU.ActiveCfg = Release|Any CPU
		{47F54372-BF4A-450C-8883-09ADD375C04A}.Release|Any CPU.Build.0 = Release|Any CPU
	EndGlobalSection
	GlobalSection(SolutionProperties) = preSolution
		HideSolutionNode = FALSE
	EndGlobalSection
	GlobalSection(ExtensibilityGlobals) = postSolution
		SolutionGuid = {473E44AB-0EFB-4522-B0B0-7D8AF4FF386E}
	EndGlobalSection
EndGlobal
