
Microsoft Visual Studio Solution File, Format Version 12.00
# Visual Studio Version 16
VisualStudioVersion = 16.0.30503.244
MinimumVisualStudioVersion = 10.0.40219.1
Project("{9A19103F-16F7-4668-BE54-9A1E7A4F7556}") = "EssentialTraining2", "EssentialTraining2.csproj", "{155014B7-33CE-4E86-8EF1-9A885D14734B}"
EndProject
Project("{9A19103F-16F7-4668-BE54-9A1E7A4F7556}") = "EssentialTraining2Tests", "..\EssentialTraining2Tests\EssentialTraining2Tests.csproj", "{114A8A26-67D7-42CC-8DE2-DCCB8DA9E61C}"
EndProject
Project("{FAE04EC0-301F-11D3-BF4B-00C04F79EFBC}") = "EssentialTraining2ConsoleApp", "..\EssentialTraining2ConsoleApp\EssentialTraining2ConsoleApp.csproj", "{54CD1E2E-B21E-48A0-B459-D9DEE13EC6C4}"
EndProject
Global
	GlobalSection(SolutionConfigurationPlatforms) = preSolution
		Debug|Any CPU = Debug|Any CPU
		Release|Any CPU = Release|Any CPU
	EndGlobalSection
	GlobalSection(ProjectConfigurationPlatforms) = postSolution
		{155014B7-33CE-4E86-8EF1-9A885D14734B}.Debug|Any CPU.ActiveCfg = Debug|Any CPU
		{155014B7-33CE-4E86-8EF1-9A885D14734B}.Debug|Any CPU.Build.0 = Debug|Any CPU
		{155014B7-33CE-4E86-8EF1-9A885D14734B}.Release|Any CPU.ActiveCfg = Release|Any CPU
		{155014B7-33CE-4E86-8EF1-9A885D14734B}.Release|Any CPU.Build.0 = Release|Any CPU
		{114A8A26-67D7-42CC-8DE2-DCCB8DA9E61C}.Debug|Any CPU.ActiveCfg = Debug|Any CPU
		{114A8A26-67D7-42CC-8DE2-DCCB8DA9E61C}.Debug|Any CPU.Build.0 = Debug|Any CPU
		{114A8A26-67D7-42CC-8DE2-DCCB8DA9E61C}.Release|Any CPU.ActiveCfg = Release|Any CPU
		{114A8A26-67D7-42CC-8DE2-DCCB8DA9E61C}.Release|Any CPU.Build.0 = Release|Any CPU
		{54CD1E2E-B21E-48A0-B459-D9DEE13EC6C4}.Debug|Any CPU.ActiveCfg = Debug|Any CPU
		{54CD1E2E-B21E-48A0-B459-D9DEE13EC6C4}.Debug|Any CPU.Build.0 = Debug|Any CPU
		{54CD1E2E-B21E-48A0-B459-D9DEE13EC6C4}.Release|Any CPU.ActiveCfg = Release|Any CPU
		{54CD1E2E-B21E-48A0-B459-D9DEE13EC6C4}.Release|Any CPU.Build.0 = Release|Any CPU
	EndGlobalSection
	GlobalSection(SolutionProperties) = preSolution
		HideSolutionNode = FALSE
	EndGlobalSection
	GlobalSection(ExtensibilityGlobals) = postSolution
		SolutionGuid = {F2BC06AC-7976-4A90-B274-CA27BCAD1B00}
	EndGlobalSection
EndGlobal
